
Microsoft Visual Studio Solution File, Format Version 12.00
# Visual Studio Version 16
VisualStudioVersion = 16.0.31515.178
MinimumVisualStudioVersion = 10.0.40219.1
Project("{8BC9CEB8-8B4A-11D0-8D11-00A0C91BC942}") = "ProjetEnCours", "ProjetEnCours\ProjetEnCours.vcxproj", "{D74E9B2D-C01C-4975-BC15-F12BD83DAA0A}"
EndProject
Global
	GlobalSection(SolutionConfigurationPlatforms) = preSolution
		Debug|x64 = Debug|x64
		Debug|x86 = Debug|x86
		Release|x64 = Release|x64
		Release|x86 = Release|x86
	EndGlobalSection
	GlobalSection(ProjectConfigurationPlatforms) = postSolution
		{D74E9B2D-C01C-4975-BC15-F12BD83DAA0A}.Debug|x64.ActiveCfg = Debug|x64
		{D74E9B2D-C01C-4975-BC15-F12BD83DAA0A}.Debug|x64.Build.0 = Debug|x64
		{D74E9B2D-C01C-4975-BC15-F12BD83DAA0A}.Debug|x86.ActiveCfg = Debug|Win32
		{D74E9B2D-C01C-4975-BC15-F12BD83DAA0A}.Debug|x86.Build.0 = Debug|Win32
		{D74E9B2D-C01C-4975-BC15-F12BD83DAA0A}.Release|x64.ActiveCfg = Release|x64
		{D74E9B2D-C01C-4975-BC15-F12BD83DAA0A}.Release|x64.Build.0 = Release|x64
		{D74E9B2D-C01C-4975-BC15-F12BD83DAA0A}.Release|x86.ActiveCfg = Release|Win32
		{D74E9B2D-C01C-4975-BC15-F12BD83DAA0A}.Release|x86.Build.0 = Release|Win32
	EndGlobalSection
	GlobalSection(SolutionProperties) = preSolution
		HideSolutionNode = FALSE
	EndGlobalSection
	GlobalSection(ExtensibilityGlobals) = postSolution
		SolutionGuid = {8A9AF866-BC9F-41A2-9225-6C3D02E2793A}
	EndGlobalSection
EndGlobal
